
Microsoft Visual Studio Solution File, Format Version 12.00
# Visual Studio Version 16
VisualStudioVersion = 16.0.30503.244
MinimumVisualStudioVersion = 10.0.40219.1
Project("{9A19103F-16F7-4668-BE54-9A1E7A4F7556}") = "A001", "A001.csproj", "{A601BD9B-588E-408D-92DD-EC574DE7DF4E}"
EndProject
Project("{FAE04EC0-301F-11D3-BF4B-00C04F79EFBC}") = "A002", "..\A002\A002.csproj", "{D7447676-3AB8-488B-8DE5-5D32D9D0757A}"
EndProject
Global
	GlobalSection(SolutionConfigurationPlatforms) = preSolution
		Debug|Any CPU = Debug|Any CPU
		Release|Any CPU = Release|Any CPU
	EndGlobalSection
	GlobalSection(ProjectConfigurationPlatforms) = postSolution
		{A601BD9B-588E-408D-92DD-EC574DE7DF4E}.Debug|Any CPU.ActiveCfg = Debug|Any CPU
		{A601BD9B-588E-408D-92DD-EC574DE7DF4E}.Debug|Any CPU.Build.0 = Debug|Any CPU
		{A601BD9B-588E-408D-92DD-EC574DE7DF4E}.Release|Any CPU.ActiveCfg = Release|Any CPU
		{A601BD9B-588E-408D-92DD-EC574DE7DF4E}.Release|Any CPU.Build.0 = Release|Any CPU
		{D7447676-3AB8-488B-8DE5-5D32D9D0757A}.Debug|Any CPU.ActiveCfg = Debug|Any CPU
		{D7447676-3AB8-488B-8DE5-5D32D9D0757A}.Debug|Any CPU.Build.0 = Debug|Any CPU
		{D7447676-3AB8-488B-8DE5-5D32D9D0757A}.Release|Any CPU.ActiveCfg = Release|Any CPU
		{D7447676-3AB8-488B-8DE5-5D32D9D0757A}.Release|Any CPU.Build.0 = Release|Any CPU
	EndGlobalSection
	GlobalSection(SolutionProperties) = preSolution
		HideSolutionNode = FALSE
	EndGlobalSection
	GlobalSection(ExtensibilityGlobals) = postSolution
		SolutionGuid = {88C06A93-335D-4DC3-A6FA-D07F7DB3C768}
	EndGlobalSection
EndGlobal
